
Microsoft Visual Studio Solution File, Format Version 12.00
# Visual Studio Version 17
VisualStudioVersion = 17.13.35828.75 d17.13
MinimumVisualStudioVersion = 10.0.40219.1
Project("{FAE04EC0-301F-11D3-BF4B-00C04F79EFBC}") = "ShitWithFriendsAPI", "ShitWithFriendsAPI\ShitWithFriendsAPI.csproj", "{4259BD26-925F-4952-9087-5B5AF547CD9D}"
EndProject
Global
	GlobalSection(SolutionConfigurationPlatforms) = preSolution
		Debug|Any CPU = Debug|Any CPU
		Release|Any CPU = Release|Any CPU
	EndGlobalSection
	GlobalSection(ProjectConfigurationPlatforms) = postSolution
		{4259BD26-925F-4952-9087-5B5AF547CD9D}.Debug|Any CPU.ActiveCfg = Debug|Any CPU
		{4259BD26-925F-4952-9087-5B5AF547CD9D}.Debug|Any CPU.Build.0 = Debug|Any CPU
		{4259BD26-925F-4952-9087-5B5AF547CD9D}.Release|Any CPU.ActiveCfg = Release|Any CPU
		{4259BD26-925F-4952-9087-5B5AF547CD9D}.Release|Any CPU.Build.0 = Release|Any CPU
	EndGlobalSection
	GlobalSection(SolutionProperties) = preSolution
		HideSolutionNode = FALSE
	EndGlobalSection
	GlobalSection(ExtensibilityGlobals) = postSolution
		SolutionGuid = {C7C78D92-FE56-4CDF-8B08-AA3B7F2AC940}
	EndGlobalSection
EndGlobal
